
Microsoft Visual Studio Solution File, Format Version 12.00
# Visual Studio Version 16
VisualStudioVersion = 16.0.31105.61
MinimumVisualStudioVersion = 10.0.40219.1
Project("{9A19103F-16F7-4668-BE54-9A1E7A4F7556}") = "PWebServer", "PWebServer\PWebServer.csproj", "{1510BC00-97BE-40FA-9578-10228F82A6A5}"
EndProject
Project("{FAE04EC0-301F-11D3-BF4B-00C04F79EFBC}") = "UnitTests", "UnitTests\UnitTests.csproj", "{D51A9E02-AD30-4574-B792-F1DF9A59A498}"
EndProject
Global
	GlobalSection(SolutionConfigurationPlatforms) = preSolution
		Debug|Any CPU = Debug|Any CPU
		Release|Any CPU = Release|Any CPU
	EndGlobalSection
	GlobalSection(ProjectConfigurationPlatforms) = postSolution
		{1510BC00-97BE-40FA-9578-10228F82A6A5}.Debug|Any CPU.ActiveCfg = Debug|Any CPU
		{1510BC00-97BE-40FA-9578-10228F82A6A5}.Debug|Any CPU.Build.0 = Debug|Any CPU
		{1510BC00-97BE-40FA-9578-10228F82A6A5}.Release|Any CPU.ActiveCfg = Release|Any CPU
		{1510BC00-97BE-40FA-9578-10228F82A6A5}.Release|Any CPU.Build.0 = Release|Any CPU
		{D51A9E02-AD30-4574-B792-F1DF9A59A498}.Debug|Any CPU.ActiveCfg = Debug|Any CPU
		{D51A9E02-AD30-4574-B792-F1DF9A59A498}.Debug|Any CPU.Build.0 = Debug|Any CPU
		{D51A9E02-AD30-4574-B792-F1DF9A59A498}.Release|Any CPU.ActiveCfg = Release|Any CPU
		{D51A9E02-AD30-4574-B792-F1DF9A59A498}.Release|Any CPU.Build.0 = Release|Any CPU
	EndGlobalSection
	GlobalSection(SolutionProperties) = preSolution
		HideSolutionNode = FALSE
	EndGlobalSection
	GlobalSection(ExtensibilityGlobals) = postSolution
		SolutionGuid = {32968DDF-CF95-4A59-A332-BDA15176E599}
	EndGlobalSection
EndGlobal
